{
  "pins" : [
    {
      "identity" : "swifthaptics",
      "kind" : "remoteSourceControl",
      "location" : "https://github.com/pxlshpr/SwiftHaptics",
      "state" : {
        "revision" : "045e42a7650744361da92943474b09ba7bbaa39b",
        "version" : "0.1.4"
      }
    },
    {
      "identity" : "swiftsugar",
      "kind" : "remoteSourceControl",
      "location" : "https://github.com/pxlshpr/SwiftSugar",
      "state" : {
        "revision" : "1a03a2ca2ea9c0f459e0870c25e8470556bbc842",
        "version" : "0.0.97"
      }
    }
  ],
  "version" : 2
}
