// !$*UTF8*$!
{
	archiveVersion = 1;
	classes = {
	};
	objectVersion = 56;
	objects = {

/* Begin PBXBuildFile section */
		E2103AF32B3592DE00B0C381 /* MaintenanceForm.swift in Sources */ = {isa = PBXBuildFile; fileRef = E2103AF22B3592DE00B0C381 /* MaintenanceForm.swift */; };
		E2103AF52B35A2AC00B0C381 /* MaintenanceType.swift in Sources */ = {isa = PBXBuildFile; fileRef = E2103AF42B35A2AC00B0C381 /* MaintenanceType.swift */; };
		E2103AF92B35A2FA00B0C381 /* DailyValueType.swift in Sources */ = {isa = PBXBuildFile; fileRef = E2103AF82B35A2FA00B0C381 /* DailyValueType.swift */; };
		E2103AFB2B35A85500B0C381 /* AdaptiveMaintenanceForm.swift in Sources */ = {isa = PBXBuildFile; fileRef = E2103AFA2B35A85500B0C381 /* AdaptiveMaintenanceForm.swift */; };
		E2103AFF2B35B27C00B0C381 /* WeightChangeForm.swift in Sources */ = {isa = PBXBuildFile; fileRef = E2103AFE2B35B27C00B0C381 /* WeightChangeForm.swift */; };
		E2103B012B35BC0D00B0C381 /* Unsorted Extensions.swift in Sources */ = {isa = PBXBuildFile; fileRef = E2103B002B35BC0D00B0C381 /* Unsorted Extensions.swift */; };
		E2103B032B35BC1600B0C381 /* Constants.swift in Sources */ = {isa = PBXBuildFile; fileRef = E2103B022B35BC1600B0C381 /* Constants.swift */; };
		E2103B072B3608D000B0C381 /* DietaryEnergyForm.swift in Sources */ = {isa = PBXBuildFile; fileRef = E2103B062B3608D000B0C381 /* DietaryEnergyForm.swift */; };
		E2103B092B360E9E00B0C381 /* DietaryEnergyPointForm.swift in Sources */ = {isa = PBXBuildFile; fileRef = E2103B082B360E9E00B0C381 /* DietaryEnergyPointForm.swift */; };
		E2103B0B2B36140600B0C381 /* DietaryEnergyPointType.swift in Sources */ = {isa = PBXBuildFile; fileRef = E2103B0A2B36140600B0C381 /* DietaryEnergyPointType.swift */; };
		E2261F782B3712EE007B7DDD /* EstimatedMaintenanceForm.swift in Sources */ = {isa = PBXBuildFile; fileRef = E2261F772B3712EE007B7DDD /* EstimatedMaintenanceForm.swift */; };
		E2261F7A2B37150E007B7DDD /* ActiveEnergyForm.swift in Sources */ = {isa = PBXBuildFile; fileRef = E2261F792B37150E007B7DDD /* ActiveEnergyForm.swift */; };
		E2261F7C2B3716B4007B7DDD /* ActiveEnergySource.swift in Sources */ = {isa = PBXBuildFile; fileRef = E2261F7B2B3716B4007B7DDD /* ActiveEnergySource.swift */; };
		E2261F7E2B371873007B7DDD /* ActivityLevel.swift in Sources */ = {isa = PBXBuildFile; fileRef = E2261F7D2B371873007B7DDD /* ActivityLevel.swift */; };
		E2261F802B371AEF007B7DDD /* HealthIntervalType.swift in Sources */ = {isa = PBXBuildFile; fileRef = E2261F7F2B371AEF007B7DDD /* HealthIntervalType.swift */; };
		E2261F822B371B9A007B7DDD /* IntervalPicker.swift in Sources */ = {isa = PBXBuildFile; fileRef = E2261F812B371B9A007B7DDD /* IntervalPicker.swift */; };
		E23A25122B39EF2C00BDAECE /* TopToolbarContent.swift in Sources */ = {isa = PBXBuildFile; fileRef = E23A25112B39EF2C00BDAECE /* TopToolbarContent.swift */; };
		E23A25142B39F09100BDAECE /* BottomValue.swift in Sources */ = {isa = PBXBuildFile; fileRef = E23A25132B39F09100BDAECE /* BottomValue.swift */; };
		E23A25182B39F58F00BDAECE /* SwiftHaptics in Frameworks */ = {isa = PBXBuildFile; productRef = E23A25172B39F58F00BDAECE /* SwiftHaptics */; };
		E23A251A2B3B1FFB00BDAECE /* HealthDetails.swift in Sources */ = {isa = PBXBuildFile; fileRef = E23A25192B3B1FFB00BDAECE /* HealthDetails.swift */; };
		E23A251E2B3B52ED00BDAECE /* HealthIntervalInfo.swift in Sources */ = {isa = PBXBuildFile; fileRef = E23A251D2B3B52ED00BDAECE /* HealthIntervalInfo.swift */; };
		E23A25202B3B52FC00BDAECE /* MaintenanceInfo.swift in Sources */ = {isa = PBXBuildFile; fileRef = E23A251F2B3B52FC00BDAECE /* MaintenanceInfo.swift */; };
		E23A25222B3B530E00BDAECE /* InfoSection.swift in Sources */ = {isa = PBXBuildFile; fileRef = E23A25212B3B530E00BDAECE /* InfoSection.swift */; };
		E23A25242B3B58C800BDAECE /* ActivityLevelInfo.swift in Sources */ = {isa = PBXBuildFile; fileRef = E23A25232B3B58C800BDAECE /* ActivityLevelInfo.swift */; };
		E23A25262B3BF79D00BDAECE /* AdaptiveMaintenanceInfo.swift in Sources */ = {isa = PBXBuildFile; fileRef = E23A25252B3BF79D00BDAECE /* AdaptiveMaintenanceInfo.swift */; };
		E23A25282B3C4A2F00BDAECE /* AdaptiveDietaryEnergyInfo.swift in Sources */ = {isa = PBXBuildFile; fileRef = E23A25272B3C4A2F00BDAECE /* AdaptiveDietaryEnergyInfo.swift */; };
		E25AC7F42B414BAA0063F6E2 /* MeasurementData.swift in Sources */ = {isa = PBXBuildFile; fileRef = E25AC7F32B414BAA0063F6E2 /* MeasurementData.swift */; };
		E25AC7F62B4156F90063F6E2 /* MeasurementForm.swift in Sources */ = {isa = PBXBuildFile; fileRef = E25AC7F52B4156F90063F6E2 /* MeasurementForm.swift */; };
		E28C693B2B3EC414005E0096 /* DoubleInput.swift in Sources */ = {isa = PBXBuildFile; fileRef = E28C693A2B3EC414005E0096 /* DoubleInput.swift */; };
		E28C693E2B3F0A6C005E0096 /* LeanBodyMassData.swift in Sources */ = {isa = PBXBuildFile; fileRef = E28C693D2B3F0A6C005E0096 /* LeanBodyMassData.swift */; };
		E28C69402B3F47AB005E0096 /* InputSection.swift in Sources */ = {isa = PBXBuildFile; fileRef = E28C693F2B3F47AB005E0096 /* InputSection.swift */; };
		E28C69422B3F508E005E0096 /* HealthDetail.swift in Sources */ = {isa = PBXBuildFile; fileRef = E28C69412B3F508E005E0096 /* HealthDetail.swift */; };
		E28E4BB72B3DDB7E00F89FDC /* ActiveEnergyInfo.swift in Sources */ = {isa = PBXBuildFile; fileRef = E28E4BB62B3DDB7E00F89FDC /* ActiveEnergyInfo.swift */; };
		E28E4BB92B3E11E800F89FDC /* EquationVariablesSection.swift in Sources */ = {isa = PBXBuildFile; fileRef = E28E4BB82B3E11E800F89FDC /* EquationVariablesSection.swift */; };
		E28E4BBB2B3E14E000F89FDC /* LeanBodyMassSource.swift in Sources */ = {isa = PBXBuildFile; fileRef = E28E4BBA2B3E14E000F89FDC /* LeanBodyMassSource.swift */; };
		E28E4BBD2B3E14ED00F89FDC /* LeanBodyMassEquation.swift in Sources */ = {isa = PBXBuildFile; fileRef = E28E4BBC2B3E14ED00F89FDC /* LeanBodyMassEquation.swift */; };
		E28E4BBF2B3E150500F89FDC /* LeanBodyMassMeasurementForm.swift in Sources */ = {isa = PBXBuildFile; fileRef = E28E4BBE2B3E150500F89FDC /* LeanBodyMassMeasurementForm.swift */; };
		E28ED8012B4181930076BA50 /* IntInput.swift in Sources */ = {isa = PBXBuildFile; fileRef = E28ED8002B4181930076BA50 /* IntInput.swift */; };
		E2BAE3222B30B601003C5B7F /* WeightUIDemoApp.swift in Sources */ = {isa = PBXBuildFile; fileRef = E2BAE3212B30B601003C5B7F /* WeightUIDemoApp.swift */; };
		E2BAE3242B30B601003C5B7F /* DemoView.swift in Sources */ = {isa = PBXBuildFile; fileRef = E2BAE3232B30B601003C5B7F /* DemoView.swift */; };
		E2BAE3262B30B602003C5B7F /* Assets.xcassets in Resources */ = {isa = PBXBuildFile; fileRef = E2BAE3252B30B602003C5B7F /* Assets.xcassets */; };
		E2BAE32A2B30B602003C5B7F /* Preview Assets.xcassets in Resources */ = {isa = PBXBuildFile; fileRef = E2BAE3292B30B602003C5B7F /* Preview Assets.xcassets */; };
		E2BAE3322B30C504003C5B7F /* SwiftSugar in Frameworks */ = {isa = PBXBuildFile; productRef = E2BAE3312B30C504003C5B7F /* SwiftSugar */; };
		E2BCCC012B3DB53600616E9A /* RestingEnergyInfo.swift in Sources */ = {isa = PBXBuildFile; fileRef = E2BCCC002B3DB53600616E9A /* RestingEnergyInfo.swift */; };
		E2BCCC052B3DC2D600616E9A /* CorrectionType.swift in Sources */ = {isa = PBXBuildFile; fileRef = E2BCCC042B3DC2D600616E9A /* CorrectionType.swift */; };
		E2BCCC072B3DC30300616E9A /* DotPoint.swift in Sources */ = {isa = PBXBuildFile; fileRef = E2BCCC062B3DC30300616E9A /* DotPoint.swift */; };
		E2BCCC092B3DC3F400616E9A /* EnergyAppleHealthSections.swift in Sources */ = {isa = PBXBuildFile; fileRef = E2BCCC082B3DC3F400616E9A /* EnergyAppleHealthSections.swift */; };
		E2D47E332B3736340095B00C /* RestingEnergyForm.swift in Sources */ = {isa = PBXBuildFile; fileRef = E2D47E322B3736340095B00C /* RestingEnergyForm.swift */; };
		E2D47E352B37374F0095B00C /* RestingEnergySource.swift in Sources */ = {isa = PBXBuildFile; fileRef = E2D47E342B37374F0095B00C /* RestingEnergySource.swift */; };
		E2D47E372B3738600095B00C /* RestingEnergyEquation.swift in Sources */ = {isa = PBXBuildFile; fileRef = E2D47E362B3738600095B00C /* RestingEnergyEquation.swift */; };
		E2D47E392B3744C00095B00C /* RestingEnergyEquationsInfo.swift in Sources */ = {isa = PBXBuildFile; fileRef = E2D47E382B3744C00095B00C /* RestingEnergyEquationsInfo.swift */; };
		E2F16EAE2B31CA8D004AD1BA /* WeightChangePointForm.swift in Sources */ = {isa = PBXBuildFile; fileRef = E2F16EAD2B31CA8D004AD1BA /* WeightChangePointForm.swift */; };
		E2F16EB02B31CAA8004AD1BA /* WeightForm.swift in Sources */ = {isa = PBXBuildFile; fileRef = E2F16EAF2B31CAA8004AD1BA /* WeightForm.swift */; };
		E2F16EB42B32302A004AD1BA /* NoticeSection.swift in Sources */ = {isa = PBXBuildFile; fileRef = E2F16EB32B32302A004AD1BA /* NoticeSection.swift */; };
		E2F4184D2B3D8EA0004E2DAB /* ViewModifiers.swift in Sources */ = {isa = PBXBuildFile; fileRef = E2F4184C2B3D8EA0004E2DAB /* ViewModifiers.swift */; };
		E2F4184F2B3D9BB5004E2DAB /* CorrectionInfo.swift in Sources */ = {isa = PBXBuildFile; fileRef = E2F4184E2B3D9BB5004E2DAB /* CorrectionInfo.swift */; };
		E2F79F502B347F6000A09BDF /* SexForm.swift in Sources */ = {isa = PBXBuildFile; fileRef = E2F79F4F2B347F6000A09BDF /* SexForm.swift */; };
		E2F79F522B3484B900A09BDF /* PickerSection.swift in Sources */ = {isa = PBXBuildFile; fileRef = E2F79F512B3484B900A09BDF /* PickerSection.swift */; };
		E2F79F542B3484CE00A09BDF /* Pickable.swift in Sources */ = {isa = PBXBuildFile; fileRef = E2F79F532B3484CE00A09BDF /* Pickable.swift */; };
		E2F79F562B3484F400A09BDF /* Sex.swift in Sources */ = {isa = PBXBuildFile; fileRef = E2F79F552B3484F400A09BDF /* Sex.swift */; };
		E2F79F5A2B348C4D00A09BDF /* AgeForm.swift in Sources */ = {isa = PBXBuildFile; fileRef = E2F79F592B348C4D00A09BDF /* AgeForm.swift */; };
		E2F79F5E2B34A2CF00A09BDF /* LeanBodyMassForm.swift in Sources */ = {isa = PBXBuildFile; fileRef = E2F79F5D2B34A2CF00A09BDF /* LeanBodyMassForm.swift */; };
		E2F79F642B34A54B00A09BDF /* HeightForm.swift in Sources */ = {isa = PBXBuildFile; fileRef = E2F79F632B34A54B00A09BDF /* HeightForm.swift */; };
		E2F79F6A2B34B62C00A09BDF /* SmokingStatusForm.swift in Sources */ = {isa = PBXBuildFile; fileRef = E2F79F692B34B62C00A09BDF /* SmokingStatusForm.swift */; };
		E2F79F6C2B34BC1E00A09BDF /* SmokingStatus.swift in Sources */ = {isa = PBXBuildFile; fileRef = E2F79F6B2B34BC1E00A09BDF /* SmokingStatus.swift */; };
		E2F79F702B34BEB300A09BDF /* PregnancyStatusForm.swift in Sources */ = {isa = PBXBuildFile; fileRef = E2F79F6F2B34BEB300A09BDF /* PregnancyStatusForm.swift */; };
		E2F79F722B34BEE300A09BDF /* PregnancyStatus.swift in Sources */ = {isa = PBXBuildFile; fileRef = E2F79F712B34BEE300A09BDF /* PregnancyStatus.swift */; };
/* End PBXBuildFile section */

/* Begin PBXFileReference section */
		E2103AF22B3592DE00B0C381 /* MaintenanceForm.swift */ = {isa = PBXFileReference; lastKnownFileType = sourcecode.swift; path = MaintenanceForm.swift; sourceTree = "<group>"; };
		E2103AF42B35A2AC00B0C381 /* MaintenanceType.swift */ = {isa = PBXFileReference; lastKnownFileType = sourcecode.swift; path = MaintenanceType.swift; sourceTree = "<group>"; };
		E2103AF82B35A2FA00B0C381 /* DailyValueType.swift */ = {isa = PBXFileReference; lastKnownFileType = sourcecode.swift; path = DailyValueType.swift; sourceTree = "<group>"; };
		E2103AFA2B35A85500B0C381 /* AdaptiveMaintenanceForm.swift */ = {isa = PBXFileReference; lastKnownFileType = sourcecode.swift; path = AdaptiveMaintenanceForm.swift; sourceTree = "<group>"; };
		E2103AFE2B35B27C00B0C381 /* WeightChangeForm.swift */ = {isa = PBXFileReference; lastKnownFileType = sourcecode.swift; path = WeightChangeForm.swift; sourceTree = "<group>"; };
		E2103B002B35BC0D00B0C381 /* Unsorted Extensions.swift */ = {isa = PBXFileReference; lastKnownFileType = sourcecode.swift; path = "Unsorted Extensions.swift"; sourceTree = "<group>"; };
		E2103B022B35BC1600B0C381 /* Constants.swift */ = {isa = PBXFileReference; lastKnownFileType = sourcecode.swift; path = Constants.swift; sourceTree = "<group>"; };
		E2103B062B3608D000B0C381 /* DietaryEnergyForm.swift */ = {isa = PBXFileReference; lastKnownFileType = sourcecode.swift; path = DietaryEnergyForm.swift; sourceTree = "<group>"; };
		E2103B082B360E9E00B0C381 /* DietaryEnergyPointForm.swift */ = {isa = PBXFileReference; lastKnownFileType = sourcecode.swift; path = DietaryEnergyPointForm.swift; sourceTree = "<group>"; };
		E2103B0A2B36140600B0C381 /* DietaryEnergyPointType.swift */ = {isa = PBXFileReference; lastKnownFileType = sourcecode.swift; path = DietaryEnergyPointType.swift; sourceTree = "<group>"; };
		E2261F772B3712EE007B7DDD /* EstimatedMaintenanceForm.swift */ = {isa = PBXFileReference; lastKnownFileType = sourcecode.swift; path = EstimatedMaintenanceForm.swift; sourceTree = "<group>"; };
		E2261F792B37150E007B7DDD /* ActiveEnergyForm.swift */ = {isa = PBXFileReference; lastKnownFileType = sourcecode.swift; path = ActiveEnergyForm.swift; sourceTree = "<group>"; };
		E2261F7B2B3716B4007B7DDD /* ActiveEnergySource.swift */ = {isa = PBXFileReference; lastKnownFileType = sourcecode.swift; path = ActiveEnergySource.swift; sourceTree = "<group>"; };
		E2261F7D2B371873007B7DDD /* ActivityLevel.swift */ = {isa = PBXFileReference; lastKnownFileType = sourcecode.swift; path = ActivityLevel.swift; sourceTree = "<group>"; };
		E2261F7F2B371AEF007B7DDD /* HealthIntervalType.swift */ = {isa = PBXFileReference; lastKnownFileType = sourcecode.swift; path = HealthIntervalType.swift; sourceTree = "<group>"; };
		E2261F812B371B9A007B7DDD /* IntervalPicker.swift */ = {isa = PBXFileReference; lastKnownFileType = sourcecode.swift; path = IntervalPicker.swift; sourceTree = "<group>"; };
		E23A25112B39EF2C00BDAECE /* TopToolbarContent.swift */ = {isa = PBXFileReference; lastKnownFileType = sourcecode.swift; path = TopToolbarContent.swift; sourceTree = "<group>"; };
		E23A25132B39F09100BDAECE /* BottomValue.swift */ = {isa = PBXFileReference; lastKnownFileType = sourcecode.swift; path = BottomValue.swift; sourceTree = "<group>"; };
		E23A25192B3B1FFB00BDAECE /* HealthDetails.swift */ = {isa = PBXFileReference; lastKnownFileType = sourcecode.swift; path = HealthDetails.swift; sourceTree = "<group>"; };
		E23A251D2B3B52ED00BDAECE /* HealthIntervalInfo.swift */ = {isa = PBXFileReference; lastKnownFileType = sourcecode.swift; path = HealthIntervalInfo.swift; sourceTree = "<group>"; };
		E23A251F2B3B52FC00BDAECE /* MaintenanceInfo.swift */ = {isa = PBXFileReference; lastKnownFileType = sourcecode.swift; path = MaintenanceInfo.swift; sourceTree = "<group>"; };
		E23A25212B3B530E00BDAECE /* InfoSection.swift */ = {isa = PBXFileReference; lastKnownFileType = sourcecode.swift; path = InfoSection.swift; sourceTree = "<group>"; };
		E23A25232B3B58C800BDAECE /* ActivityLevelInfo.swift */ = {isa = PBXFileReference; lastKnownFileType = sourcecode.swift; path = ActivityLevelInfo.swift; sourceTree = "<group>"; };
		E23A25252B3BF79D00BDAECE /* AdaptiveMaintenanceInfo.swift */ = {isa = PBXFileReference; lastKnownFileType = sourcecode.swift; path = AdaptiveMaintenanceInfo.swift; sourceTree = "<group>"; };
		E23A25272B3C4A2F00BDAECE /* AdaptiveDietaryEnergyInfo.swift */ = {isa = PBXFileReference; lastKnownFileType = sourcecode.swift; path = AdaptiveDietaryEnergyInfo.swift; sourceTree = "<group>"; };
		E25AC7F32B414BAA0063F6E2 /* MeasurementData.swift */ = {isa = PBXFileReference; lastKnownFileType = sourcecode.swift; path = MeasurementData.swift; sourceTree = "<group>"; };
		E25AC7F52B4156F90063F6E2 /* MeasurementForm.swift */ = {isa = PBXFileReference; lastKnownFileType = sourcecode.swift; path = MeasurementForm.swift; sourceTree = "<group>"; };
		E28C693A2B3EC414005E0096 /* DoubleInput.swift */ = {isa = PBXFileReference; lastKnownFileType = sourcecode.swift; path = DoubleInput.swift; sourceTree = "<group>"; };
		E28C693D2B3F0A6C005E0096 /* LeanBodyMassData.swift */ = {isa = PBXFileReference; lastKnownFileType = sourcecode.swift; path = LeanBodyMassData.swift; sourceTree = "<group>"; };
		E28C693F2B3F47AB005E0096 /* InputSection.swift */ = {isa = PBXFileReference; lastKnownFileType = sourcecode.swift; path = InputSection.swift; sourceTree = "<group>"; };
		E28C69412B3F508E005E0096 /* HealthDetail.swift */ = {isa = PBXFileReference; lastKnownFileType = sourcecode.swift; path = HealthDetail.swift; sourceTree = "<group>"; };
		E28E4BB62B3DDB7E00F89FDC /* ActiveEnergyInfo.swift */ = {isa = PBXFileReference; lastKnownFileType = sourcecode.swift; path = ActiveEnergyInfo.swift; sourceTree = "<group>"; };
		E28E4BB82B3E11E800F89FDC /* EquationVariablesSection.swift */ = {isa = PBXFileReference; lastKnownFileType = sourcecode.swift; path = EquationVariablesSection.swift; sourceTree = "<group>"; };
		E28E4BBA2B3E14E000F89FDC /* LeanBodyMassSource.swift */ = {isa = PBXFileReference; lastKnownFileType = sourcecode.swift; path = LeanBodyMassSource.swift; sourceTree = "<group>"; };
		E28E4BBC2B3E14ED00F89FDC /* LeanBodyMassEquation.swift */ = {isa = PBXFileReference; lastKnownFileType = sourcecode.swift; path = LeanBodyMassEquation.swift; sourceTree = "<group>"; };
		E28E4BBE2B3E150500F89FDC /* LeanBodyMassMeasurementForm.swift */ = {isa = PBXFileReference; lastKnownFileType = sourcecode.swift; path = LeanBodyMassMeasurementForm.swift; sourceTree = "<group>"; };
		E28ED8002B4181930076BA50 /* IntInput.swift */ = {isa = PBXFileReference; lastKnownFileType = sourcecode.swift; path = IntInput.swift; sourceTree = "<group>"; };
		E2BAE31E2B30B601003C5B7F /* WeightUIDemo.app */ = {isa = PBXFileReference; explicitFileType = wrapper.application; includeInIndex = 0; path = WeightUIDemo.app; sourceTree = BUILT_PRODUCTS_DIR; };
		E2BAE3212B30B601003C5B7F /* WeightUIDemoApp.swift */ = {isa = PBXFileReference; lastKnownFileType = sourcecode.swift; path = WeightUIDemoApp.swift; sourceTree = "<group>"; };
		E2BAE3232B30B601003C5B7F /* DemoView.swift */ = {isa = PBXFileReference; lastKnownFileType = sourcecode.swift; path = DemoView.swift; sourceTree = "<group>"; };
		E2BAE3252B30B602003C5B7F /* Assets.xcassets */ = {isa = PBXFileReference; lastKnownFileType = folder.assetcatalog; path = Assets.xcassets; sourceTree = "<group>"; };
		E2BAE3272B30B602003C5B7F /* WeightUIDemo.entitlements */ = {isa = PBXFileReference; lastKnownFileType = text.plist.entitlements; path = WeightUIDemo.entitlements; sourceTree = "<group>"; };
		E2BAE3292B30B602003C5B7F /* Preview Assets.xcassets */ = {isa = PBXFileReference; lastKnownFileType = folder.assetcatalog; path = "Preview Assets.xcassets"; sourceTree = "<group>"; };
		E2BCCC002B3DB53600616E9A /* RestingEnergyInfo.swift */ = {isa = PBXFileReference; lastKnownFileType = sourcecode.swift; path = RestingEnergyInfo.swift; sourceTree = "<group>"; };
		E2BCCC042B3DC2D600616E9A /* CorrectionType.swift */ = {isa = PBXFileReference; lastKnownFileType = sourcecode.swift; path = CorrectionType.swift; sourceTree = "<group>"; };
		E2BCCC062B3DC30300616E9A /* DotPoint.swift */ = {isa = PBXFileReference; lastKnownFileType = sourcecode.swift; path = DotPoint.swift; sourceTree = "<group>"; };
		E2BCCC082B3DC3F400616E9A /* EnergyAppleHealthSections.swift */ = {isa = PBXFileReference; lastKnownFileType = sourcecode.swift; path = EnergyAppleHealthSections.swift; sourceTree = "<group>"; };
		E2D47E322B3736340095B00C /* RestingEnergyForm.swift */ = {isa = PBXFileReference; lastKnownFileType = sourcecode.swift; path = RestingEnergyForm.swift; sourceTree = "<group>"; };
		E2D47E342B37374F0095B00C /* RestingEnergySource.swift */ = {isa = PBXFileReference; lastKnownFileType = sourcecode.swift; path = RestingEnergySource.swift; sourceTree = "<group>"; };
		E2D47E362B3738600095B00C /* RestingEnergyEquation.swift */ = {isa = PBXFileReference; lastKnownFileType = sourcecode.swift; path = RestingEnergyEquation.swift; sourceTree = "<group>"; };
		E2D47E382B3744C00095B00C /* RestingEnergyEquationsInfo.swift */ = {isa = PBXFileReference; lastKnownFileType = sourcecode.swift; path = RestingEnergyEquationsInfo.swift; sourceTree = "<group>"; };
		E2F16EAD2B31CA8D004AD1BA /* WeightChangePointForm.swift */ = {isa = PBXFileReference; lastKnownFileType = sourcecode.swift; path = WeightChangePointForm.swift; sourceTree = "<group>"; };
		E2F16EAF2B31CAA8004AD1BA /* WeightForm.swift */ = {isa = PBXFileReference; lastKnownFileType = sourcecode.swift; path = WeightForm.swift; sourceTree = "<group>"; };
		E2F16EB32B32302A004AD1BA /* NoticeSection.swift */ = {isa = PBXFileReference; lastKnownFileType = sourcecode.swift; path = NoticeSection.swift; sourceTree = "<group>"; };
		E2F4184C2B3D8EA0004E2DAB /* ViewModifiers.swift */ = {isa = PBXFileReference; lastKnownFileType = sourcecode.swift; path = ViewModifiers.swift; sourceTree = "<group>"; };
		E2F4184E2B3D9BB5004E2DAB /* CorrectionInfo.swift */ = {isa = PBXFileReference; lastKnownFileType = sourcecode.swift; path = CorrectionInfo.swift; sourceTree = "<group>"; };
		E2F79F4F2B347F6000A09BDF /* SexForm.swift */ = {isa = PBXFileReference; lastKnownFileType = sourcecode.swift; path = SexForm.swift; sourceTree = "<group>"; };
		E2F79F512B3484B900A09BDF /* PickerSection.swift */ = {isa = PBXFileReference; lastKnownFileType = sourcecode.swift; path = PickerSection.swift; sourceTree = "<group>"; };
		E2F79F532B3484CE00A09BDF /* Pickable.swift */ = {isa = PBXFileReference; lastKnownFileType = sourcecode.swift; path = Pickable.swift; sourceTree = "<group>"; };
		E2F79F552B3484F400A09BDF /* Sex.swift */ = {isa = PBXFileReference; lastKnownFileType = sourcecode.swift; path = Sex.swift; sourceTree = "<group>"; };
		E2F79F592B348C4D00A09BDF /* AgeForm.swift */ = {isa = PBXFileReference; lastKnownFileType = sourcecode.swift; path = AgeForm.swift; sourceTree = "<group>"; };
		E2F79F5D2B34A2CF00A09BDF /* LeanBodyMassForm.swift */ = {isa = PBXFileReference; lastKnownFileType = sourcecode.swift; path = LeanBodyMassForm.swift; sourceTree = "<group>"; };
		E2F79F632B34A54B00A09BDF /* HeightForm.swift */ = {isa = PBXFileReference; lastKnownFileType = sourcecode.swift; path = HeightForm.swift; sourceTree = "<group>"; };
		E2F79F692B34B62C00A09BDF /* SmokingStatusForm.swift */ = {isa = PBXFileReference; lastKnownFileType = sourcecode.swift; path = SmokingStatusForm.swift; sourceTree = "<group>"; };
		E2F79F6B2B34BC1E00A09BDF /* SmokingStatus.swift */ = {isa = PBXFileReference; lastKnownFileType = sourcecode.swift; path = SmokingStatus.swift; sourceTree = "<group>"; };
		E2F79F6F2B34BEB300A09BDF /* PregnancyStatusForm.swift */ = {isa = PBXFileReference; lastKnownFileType = sourcecode.swift; path = PregnancyStatusForm.swift; sourceTree = "<group>"; };
		E2F79F712B34BEE300A09BDF /* PregnancyStatus.swift */ = {isa = PBXFileReference; lastKnownFileType = sourcecode.swift; path = PregnancyStatus.swift; sourceTree = "<group>"; };
/* End PBXFileReference section */

/* Begin PBXFrameworksBuildPhase section */
		E2BAE31B2B30B601003C5B7F /* Frameworks */ = {
			isa = PBXFrameworksBuildPhase;
			buildActionMask = 2147483647;
			files = (
				E2BAE3322B30C504003C5B7F /* SwiftSugar in Frameworks */,
				E23A25182B39F58F00BDAECE /* SwiftHaptics in Frameworks */,
			);
			runOnlyForDeploymentPostprocessing = 0;
		};
/* End PBXFrameworksBuildPhase section */

/* Begin PBXGroup section */
		E23A250B2B39E6D400BDAECE /* Forms */ = {
			isa = PBXGroup;
			children = (
				E2261F792B37150E007B7DDD /* ActiveEnergyForm.swift */,
				E2103AFA2B35A85500B0C381 /* AdaptiveMaintenanceForm.swift */,
				E2F79F592B348C4D00A09BDF /* AgeForm.swift */,
				E2103B062B3608D000B0C381 /* DietaryEnergyForm.swift */,
				E2103B082B360E9E00B0C381 /* DietaryEnergyPointForm.swift */,
				E2BCCC082B3DC3F400616E9A /* EnergyAppleHealthSections.swift */,
				E2261F772B3712EE007B7DDD /* EstimatedMaintenanceForm.swift */,
				E23A25192B3B1FFB00BDAECE /* HealthDetails.swift */,
				E2F79F632B34A54B00A09BDF /* HeightForm.swift */,
				E2F79F5D2B34A2CF00A09BDF /* LeanBodyMassForm.swift */,
				E28E4BBE2B3E150500F89FDC /* LeanBodyMassMeasurementForm.swift */,
				E25AC7F52B4156F90063F6E2 /* MeasurementForm.swift */,
				E28E4BB82B3E11E800F89FDC /* EquationVariablesSection.swift */,
				E2103AF22B3592DE00B0C381 /* MaintenanceForm.swift */,
				E2F79F6F2B34BEB300A09BDF /* PregnancyStatusForm.swift */,
				E2D47E322B3736340095B00C /* RestingEnergyForm.swift */,
				E2F79F4F2B347F6000A09BDF /* SexForm.swift */,
				E2F79F692B34B62C00A09BDF /* SmokingStatusForm.swift */,
				E2103AFE2B35B27C00B0C381 /* WeightChangeForm.swift */,
				E2F16EAD2B31CA8D004AD1BA /* WeightChangePointForm.swift */,
				E2F16EAF2B31CAA8004AD1BA /* WeightForm.swift */,
			);
			path = Forms;
			sourceTree = "<group>";
		};
		E23A250C2B39E6F000BDAECE /* Enums */ = {
			isa = PBXGroup;
			children = (
				E2103AF82B35A2FA00B0C381 /* DailyValueType.swift */,
				E28C69412B3F508E005E0096 /* HealthDetail.swift */,
				E28E4BBA2B3E14E000F89FDC /* LeanBodyMassSource.swift */,
				E28E4BBC2B3E14ED00F89FDC /* LeanBodyMassEquation.swift */,
				E2BCCC042B3DC2D600616E9A /* CorrectionType.swift */,
				E2103AF42B35A2AC00B0C381 /* MaintenanceType.swift */,
				E2F79F6B2B34BC1E00A09BDF /* SmokingStatus.swift */,
				E2F79F712B34BEE300A09BDF /* PregnancyStatus.swift */,
				E2F79F552B3484F400A09BDF /* Sex.swift */,
				E2103B0A2B36140600B0C381 /* DietaryEnergyPointType.swift */,
				E2D47E362B3738600095B00C /* RestingEnergyEquation.swift */,
				E2261F7D2B371873007B7DDD /* ActivityLevel.swift */,
				E2261F7F2B371AEF007B7DDD /* HealthIntervalType.swift */,
				E2261F7B2B3716B4007B7DDD /* ActiveEnergySource.swift */,
				E2D47E342B37374F0095B00C /* RestingEnergySource.swift */,
			);
			path = Enums;
			sourceTree = "<group>";
		};
		E23A250D2B39E6FE00BDAECE /* Extensions */ = {
			isa = PBXGroup;
			children = (
				E2103B002B35BC0D00B0C381 /* Unsorted Extensions.swift */,
				E2F4184C2B3D8EA0004E2DAB /* ViewModifiers.swift */,
			);
			path = Extensions;
			sourceTree = "<group>";
		};
		E23A250E2B39E70C00BDAECE /* Components */ = {
			isa = PBXGroup;
			children = (
				E2261F812B371B9A007B7DDD /* IntervalPicker.swift */,
				E28C693F2B3F47AB005E0096 /* InputSection.swift */,
				E2BCCC062B3DC30300616E9A /* DotPoint.swift */,
				E23A25212B3B530E00BDAECE /* InfoSection.swift */,
				E23A25112B39EF2C00BDAECE /* TopToolbarContent.swift */,
				E23A25132B39F09100BDAECE /* BottomValue.swift */,
				E2F16EB32B32302A004AD1BA /* NoticeSection.swift */,
				E2F79F512B3484B900A09BDF /* PickerSection.swift */,
			);
			path = Components;
			sourceTree = "<group>";
		};
		E23A250F2B39E71C00BDAECE /* Info Sheets */ = {
			isa = PBXGroup;
			children = (
				E28E4BB62B3DDB7E00F89FDC /* ActiveEnergyInfo.swift */,
				E2D47E382B3744C00095B00C /* RestingEnergyEquationsInfo.swift */,
				E2BCCC002B3DB53600616E9A /* RestingEnergyInfo.swift */,
				E2F4184E2B3D9BB5004E2DAB /* CorrectionInfo.swift */,
				E23A25252B3BF79D00BDAECE /* AdaptiveMaintenanceInfo.swift */,
				E23A25272B3C4A2F00BDAECE /* AdaptiveDietaryEnergyInfo.swift */,
				E23A25232B3B58C800BDAECE /* ActivityLevelInfo.swift */,
				E23A251F2B3B52FC00BDAECE /* MaintenanceInfo.swift */,
				E23A251D2B3B52ED00BDAECE /* HealthIntervalInfo.swift */,
			);
			path = "Info Sheets";
			sourceTree = "<group>";
		};
		E23A25102B39E74800BDAECE /* Protocols */ = {
			isa = PBXGroup;
			children = (
				E2F79F532B3484CE00A09BDF /* Pickable.swift */,
			);
			path = Protocols;
			sourceTree = "<group>";
		};
		E28C69392B3EC40E005E0096 /* Classes */ = {
			isa = PBXGroup;
			children = (
				E28C693A2B3EC414005E0096 /* DoubleInput.swift */,
				E28ED8002B4181930076BA50 /* IntInput.swift */,
			);
			path = Classes;
			sourceTree = "<group>";
		};
		E28C693C2B3F0A63005E0096 /* Structs */ = {
			isa = PBXGroup;
			children = (
				E28C693D2B3F0A6C005E0096 /* LeanBodyMassData.swift */,
				E25AC7F32B414BAA0063F6E2 /* MeasurementData.swift */,
			);
			path = Structs;
			sourceTree = "<group>";
		};
		E2BAE3152B30B601003C5B7F = {
			isa = PBXGroup;
			children = (
				E2BAE3202B30B601003C5B7F /* WeightUIDemo */,
				E2BAE31F2B30B601003C5B7F /* Products */,
			);
			sourceTree = "<group>";
		};
		E2BAE31F2B30B601003C5B7F /* Products */ = {
			isa = PBXGroup;
			children = (
				E2BAE31E2B30B601003C5B7F /* WeightUIDemo.app */,
			);
			name = Products;
			sourceTree = "<group>";
		};
		E2BAE3202B30B601003C5B7F /* WeightUIDemo */ = {
			isa = PBXGroup;
			children = (
				E28C693C2B3F0A63005E0096 /* Structs */,
				E28C69392B3EC40E005E0096 /* Classes */,
				E23A25102B39E74800BDAECE /* Protocols */,
				E23A250F2B39E71C00BDAECE /* Info Sheets */,
				E23A250E2B39E70C00BDAECE /* Components */,
				E23A250D2B39E6FE00BDAECE /* Extensions */,
				E23A250C2B39E6F000BDAECE /* Enums */,
				E23A250B2B39E6D400BDAECE /* Forms */,
				E2BAE3272B30B602003C5B7F /* WeightUIDemo.entitlements */,
				E2103B022B35BC1600B0C381 /* Constants.swift */,
				E2BAE3232B30B601003C5B7F /* DemoView.swift */,
				E2BAE3212B30B601003C5B7F /* WeightUIDemoApp.swift */,
				E2BAE3252B30B602003C5B7F /* Assets.xcassets */,
				E2BAE3282B30B602003C5B7F /* Preview Content */,
			);
			path = WeightUIDemo;
			sourceTree = "<group>";
		};
		E2BAE3282B30B602003C5B7F /* Preview Content */ = {
			isa = PBXGroup;
			children = (
				E2BAE3292B30B602003C5B7F /* Preview Assets.xcassets */,
			);
			path = "Preview Content";
			sourceTree = "<group>";
		};
/* End PBXGroup section */

/* Begin PBXNativeTarget section */
		E2BAE31D2B30B601003C5B7F /* WeightUIDemo */ = {
			isa = PBXNativeTarget;
			buildConfigurationList = E2BAE32D2B30B602003C5B7F /* Build configuration list for PBXNativeTarget "WeightUIDemo" */;
			buildPhases = (
				E2BAE31A2B30B601003C5B7F /* Sources */,
				E2BAE31B2B30B601003C5B7F /* Frameworks */,
				E2BAE31C2B30B601003C5B7F /* Resources */,
			);
			buildRules = (
			);
			dependencies = (
			);
			name = WeightUIDemo;
			packageProductDependencies = (
				E2BAE3312B30C504003C5B7F /* SwiftSugar */,
				E23A25172B39F58F00BDAECE /* SwiftHaptics */,
			);
			productName = WeightUIDemo;
			productReference = E2BAE31E2B30B601003C5B7F /* WeightUIDemo.app */;
			productType = "com.apple.product-type.application";
		};
/* End PBXNativeTarget section */

/* Begin PBXProject section */
		E2BAE3162B30B601003C5B7F /* Project object */ = {
			isa = PBXProject;
			attributes = {
				BuildIndependentTargetsInParallel = 1;
				LastSwiftUpdateCheck = 1510;
				LastUpgradeCheck = 1510;
				TargetAttributes = {
					E2BAE31D2B30B601003C5B7F = {
						CreatedOnToolsVersion = 15.1;
					};
				};
			};
			buildConfigurationList = E2BAE3192B30B601003C5B7F /* Build configuration list for PBXProject "WeightUIDemo" */;
			compatibilityVersion = "Xcode 14.0";
			developmentRegion = en;
			hasScannedForEncodings = 0;
			knownRegions = (
				en,
				Base,
			);
			mainGroup = E2BAE3152B30B601003C5B7F;
			packageReferences = (
				E2BAE3302B30C504003C5B7F /* XCRemoteSwiftPackageReference "SwiftSugar" */,
				E23A25162B39F58F00BDAECE /* XCRemoteSwiftPackageReference "SwiftHaptics" */,
			);
			productRefGroup = E2BAE31F2B30B601003C5B7F /* Products */;
			projectDirPath = "";
			projectRoot = "";
			targets = (
				E2BAE31D2B30B601003C5B7F /* WeightUIDemo */,
			);
		};
/* End PBXProject section */

/* Begin PBXResourcesBuildPhase section */
		E2BAE31C2B30B601003C5B7F /* Resources */ = {
			isa = PBXResourcesBuildPhase;
			buildActionMask = 2147483647;
			files = (
				E2BAE32A2B30B602003C5B7F /* Preview Assets.xcassets in Resources */,
				E2BAE3262B30B602003C5B7F /* Assets.xcassets in Resources */,
			);
			runOnlyForDeploymentPostprocessing = 0;
		};
/* End PBXResourcesBuildPhase section */

/* Begin PBXSourcesBuildPhase section */
		E2BAE31A2B30B601003C5B7F /* Sources */ = {
			isa = PBXSourcesBuildPhase;
			buildActionMask = 2147483647;
			files = (
				E23A25282B3C4A2F00BDAECE /* AdaptiveDietaryEnergyInfo.swift in Sources */,
				E23A25202B3B52FC00BDAECE /* MaintenanceInfo.swift in Sources */,
				E2261F822B371B9A007B7DDD /* IntervalPicker.swift in Sources */,
				E2BCCC072B3DC30300616E9A /* DotPoint.swift in Sources */,
				E2261F802B371AEF007B7DDD /* HealthIntervalType.swift in Sources */,
				E2F79F522B3484B900A09BDF /* PickerSection.swift in Sources */,
				E2103B032B35BC1600B0C381 /* Constants.swift in Sources */,
				E2D47E392B3744C00095B00C /* RestingEnergyEquationsInfo.swift in Sources */,
				E2F79F502B347F6000A09BDF /* SexForm.swift in Sources */,
				E2103AF92B35A2FA00B0C381 /* DailyValueType.swift in Sources */,
				E2261F7C2B3716B4007B7DDD /* ActiveEnergySource.swift in Sources */,
				E2103AF32B3592DE00B0C381 /* MaintenanceForm.swift in Sources */,
				E2D47E332B3736340095B00C /* RestingEnergyForm.swift in Sources */,
				E2F4184D2B3D8EA0004E2DAB /* ViewModifiers.swift in Sources */,
				E2BAE3242B30B601003C5B7F /* DemoView.swift in Sources */,
				E2F16EAE2B31CA8D004AD1BA /* WeightChangePointForm.swift in Sources */,
				E2103AF52B35A2AC00B0C381 /* MaintenanceType.swift in Sources */,
				E23A25262B3BF79D00BDAECE /* AdaptiveMaintenanceInfo.swift in Sources */,
				E2261F7E2B371873007B7DDD /* ActivityLevel.swift in Sources */,
				E28E4BBF2B3E150500F89FDC /* LeanBodyMassMeasurementForm.swift in Sources */,
				E23A25222B3B530E00BDAECE /* InfoSection.swift in Sources */,
				E2BCCC012B3DB53600616E9A /* RestingEnergyInfo.swift in Sources */,
				E2F79F702B34BEB300A09BDF /* PregnancyStatusForm.swift in Sources */,
				E2103B012B35BC0D00B0C381 /* Unsorted Extensions.swift in Sources */,
				E2F4184F2B3D9BB5004E2DAB /* CorrectionInfo.swift in Sources */,
				E28ED8012B4181930076BA50 /* IntInput.swift in Sources */,
				E2D47E352B37374F0095B00C /* RestingEnergySource.swift in Sources */,
				E2F79F5E2B34A2CF00A09BDF /* LeanBodyMassForm.swift in Sources */,
				E28C693B2B3EC414005E0096 /* DoubleInput.swift in Sources */,
				E23A251A2B3B1FFB00BDAECE /* HealthDetails.swift in Sources */,
				E2103B092B360E9E00B0C381 /* DietaryEnergyPointForm.swift in Sources */,
				E2D47E372B3738600095B00C /* RestingEnergyEquation.swift in Sources */,
				E2F79F6A2B34B62C00A09BDF /* SmokingStatusForm.swift in Sources */,
				E2F79F6C2B34BC1E00A09BDF /* SmokingStatus.swift in Sources */,
				E28C693E2B3F0A6C005E0096 /* LeanBodyMassData.swift in Sources */,
				E25AC7F42B414BAA0063F6E2 /* MeasurementData.swift in Sources */,
				E23A25122B39EF2C00BDAECE /* TopToolbarContent.swift in Sources */,
				E2261F7A2B37150E007B7DDD /* ActiveEnergyForm.swift in Sources */,
				E2F79F722B34BEE300A09BDF /* PregnancyStatus.swift in Sources */,
				E2261F782B3712EE007B7DDD /* EstimatedMaintenanceForm.swift in Sources */,
				E2BCCC052B3DC2D600616E9A /* CorrectionType.swift in Sources */,
				E23A25242B3B58C800BDAECE /* ActivityLevelInfo.swift in Sources */,
				E2BCCC092B3DC3F400616E9A /* EnergyAppleHealthSections.swift in Sources */,
				E28E4BBD2B3E14ED00F89FDC /* LeanBodyMassEquation.swift in Sources */,
				E28E4BB72B3DDB7E00F89FDC /* ActiveEnergyInfo.swift in Sources */,
				E2BAE3222B30B601003C5B7F /* WeightUIDemoApp.swift in Sources */,
				E2103AFB2B35A85500B0C381 /* AdaptiveMaintenanceForm.swift in Sources */,
				E28E4BB92B3E11E800F89FDC /* EquationVariablesSection.swift in Sources */,
				E2F79F642B34A54B00A09BDF /* HeightForm.swift in Sources */,
				E23A251E2B3B52ED00BDAECE /* HealthIntervalInfo.swift in Sources */,
				E2F79F542B3484CE00A09BDF /* Pickable.swift in Sources */,
				E2103B0B2B36140600B0C381 /* DietaryEnergyPointType.swift in Sources */,
				E28C69402B3F47AB005E0096 /* InputSection.swift in Sources */,
				E2F16EB42B32302A004AD1BA /* NoticeSection.swift in Sources */,
				E2F79F562B3484F400A09BDF /* Sex.swift in Sources */,
				E2103B072B3608D000B0C381 /* DietaryEnergyForm.swift in Sources */,
				E28E4BBB2B3E14E000F89FDC /* LeanBodyMassSource.swift in Sources */,
				E2F79F5A2B348C4D00A09BDF /* AgeForm.swift in Sources */,
				E25AC7F62B4156F90063F6E2 /* MeasurementForm.swift in Sources */,
				E2F16EB02B31CAA8004AD1BA /* WeightForm.swift in Sources */,
				E2103AFF2B35B27C00B0C381 /* WeightChangeForm.swift in Sources */,
				E23A25142B39F09100BDAECE /* BottomValue.swift in Sources */,
				E28C69422B3F508E005E0096 /* HealthDetail.swift in Sources */,
			);
			runOnlyForDeploymentPostprocessing = 0;
		};
/* End PBXSourcesBuildPhase section */

/* Begin XCBuildConfiguration section */
		E2BAE32B2B30B602003C5B7F /* Debug */ = {
			isa = XCBuildConfiguration;
			buildSettings = {
				ALWAYS_SEARCH_USER_PATHS = NO;
				ASSETCATALOG_COMPILER_GENERATE_SWIFT_ASSET_SYMBOL_EXTENSIONS = YES;
				CLANG_ANALYZER_NONNULL = YES;
				CLANG_ANALYZER_NUMBER_OBJECT_CONVERSION = YES_AGGRESSIVE;
				CLANG_CXX_LANGUAGE_STANDARD = "gnu++20";
				CLANG_ENABLE_MODULES = YES;
				CLANG_ENABLE_OBJC_ARC = YES;
				CLANG_ENABLE_OBJC_WEAK = YES;
				CLANG_WARN_BLOCK_CAPTURE_AUTORELEASING = YES;
				CLANG_WARN_BOOL_CONVERSION = YES;
				CLANG_WARN_COMMA = YES;
				CLANG_WARN_CONSTANT_CONVERSION = YES;
				CLANG_WARN_DEPRECATED_OBJC_IMPLEMENTATIONS = YES;
				CLANG_WARN_DIRECT_OBJC_ISA_USAGE = YES_ERROR;
				CLANG_WARN_DOCUMENTATION_COMMENTS = YES;
				CLANG_WARN_EMPTY_BODY = YES;
				CLANG_WARN_ENUM_CONVERSION = YES;
				CLANG_WARN_INFINITE_RECURSION = YES;
				CLANG_WARN_INT_CONVERSION = YES;
				CLANG_WARN_NON_LITERAL_NULL_CONVERSION = YES;
				CLANG_WARN_OBJC_IMPLICIT_RETAIN_SELF = YES;
				CLANG_WARN_OBJC_LITERAL_CONVERSION = YES;
				CLANG_WARN_OBJC_ROOT_CLASS = YES_ERROR;
				CLANG_WARN_QUOTED_INCLUDE_IN_FRAMEWORK_HEADER = YES;
				CLANG_WARN_RANGE_LOOP_ANALYSIS = YES;
				CLANG_WARN_STRICT_PROTOTYPES = YES;
				CLANG_WARN_SUSPICIOUS_MOVE = YES;
				CLANG_WARN_UNGUARDED_AVAILABILITY = YES_AGGRESSIVE;
				CLANG_WARN_UNREACHABLE_CODE = YES;
				CLANG_WARN__DUPLICATE_METHOD_MATCH = YES;
				COPY_PHASE_STRIP = NO;
				DEBUG_INFORMATION_FORMAT = dwarf;
				ENABLE_STRICT_OBJC_MSGSEND = YES;
				ENABLE_TESTABILITY = YES;
				ENABLE_USER_SCRIPT_SANDBOXING = YES;
				GCC_C_LANGUAGE_STANDARD = gnu17;
				GCC_DYNAMIC_NO_PIC = NO;
				GCC_NO_COMMON_BLOCKS = YES;
				GCC_OPTIMIZATION_LEVEL = 0;
				GCC_PREPROCESSOR_DEFINITIONS = (
					"DEBUG=1",
					"$(inherited)",
				);
				GCC_WARN_64_TO_32_BIT_CONVERSION = YES;
				GCC_WARN_ABOUT_RETURN_TYPE = YES_ERROR;
				GCC_WARN_UNDECLARED_SELECTOR = YES;
				GCC_WARN_UNINITIALIZED_AUTOS = YES_AGGRESSIVE;
				GCC_WARN_UNUSED_FUNCTION = YES;
				GCC_WARN_UNUSED_VARIABLE = YES;
				LOCALIZATION_PREFERS_STRING_CATALOGS = YES;
				MTL_ENABLE_DEBUG_INFO = INCLUDE_SOURCE;
				MTL_FAST_MATH = YES;
				ONLY_ACTIVE_ARCH = YES;
				SWIFT_ACTIVE_COMPILATION_CONDITIONS = "DEBUG $(inherited)";
				SWIFT_OPTIMIZATION_LEVEL = "-Onone";
			};
			name = Debug;
		};
		E2BAE32C2B30B602003C5B7F /* Release */ = {
			isa = XCBuildConfiguration;
			buildSettings = {
				ALWAYS_SEARCH_USER_PATHS = NO;
				ASSETCATALOG_COMPILER_GENERATE_SWIFT_ASSET_SYMBOL_EXTENSIONS = YES;
				CLANG_ANALYZER_NONNULL = YES;
				CLANG_ANALYZER_NUMBER_OBJECT_CONVERSION = YES_AGGRESSIVE;
				CLANG_CXX_LANGUAGE_STANDARD = "gnu++20";
				CLANG_ENABLE_MODULES = YES;
				CLANG_ENABLE_OBJC_ARC = YES;
				CLANG_ENABLE_OBJC_WEAK = YES;
				CLANG_WARN_BLOCK_CAPTURE_AUTORELEASING = YES;
				CLANG_WARN_BOOL_CONVERSION = YES;
				CLANG_WARN_COMMA = YES;
				CLANG_WARN_CONSTANT_CONVERSION = YES;
				CLANG_WARN_DEPRECATED_OBJC_IMPLEMENTATIONS = YES;
				CLANG_WARN_DIRECT_OBJC_ISA_USAGE = YES_ERROR;
				CLANG_WARN_DOCUMENTATION_COMMENTS = YES;
				CLANG_WARN_EMPTY_BODY = YES;
				CLANG_WARN_ENUM_CONVERSION = YES;
				CLANG_WARN_INFINITE_RECURSION = YES;
				CLANG_WARN_INT_CONVERSION = YES;
				CLANG_WARN_NON_LITERAL_NULL_CONVERSION = YES;
				CLANG_WARN_OBJC_IMPLICIT_RETAIN_SELF = YES;
				CLANG_WARN_OBJC_LITERAL_CONVERSION = YES;
				CLANG_WARN_OBJC_ROOT_CLASS = YES_ERROR;
				CLANG_WARN_QUOTED_INCLUDE_IN_FRAMEWORK_HEADER = YES;
				CLANG_WARN_RANGE_LOOP_ANALYSIS = YES;
				CLANG_WARN_STRICT_PROTOTYPES = YES;
				CLANG_WARN_SUSPICIOUS_MOVE = YES;
				CLANG_WARN_UNGUARDED_AVAILABILITY = YES_AGGRESSIVE;
				CLANG_WARN_UNREACHABLE_CODE = YES;
				CLANG_WARN__DUPLICATE_METHOD_MATCH = YES;
				COPY_PHASE_STRIP = NO;
				DEBUG_INFORMATION_FORMAT = "dwarf-with-dsym";
				ENABLE_NS_ASSERTIONS = NO;
				ENABLE_STRICT_OBJC_MSGSEND = YES;
				ENABLE_USER_SCRIPT_SANDBOXING = YES;
				GCC_C_LANGUAGE_STANDARD = gnu17;
				GCC_NO_COMMON_BLOCKS = YES;
				GCC_WARN_64_TO_32_BIT_CONVERSION = YES;
				GCC_WARN_ABOUT_RETURN_TYPE = YES_ERROR;
				GCC_WARN_UNDECLARED_SELECTOR = YES;
				GCC_WARN_UNINITIALIZED_AUTOS = YES_AGGRESSIVE;
				GCC_WARN_UNUSED_FUNCTION = YES;
				GCC_WARN_UNUSED_VARIABLE = YES;
				LOCALIZATION_PREFERS_STRING_CATALOGS = YES;
				MTL_ENABLE_DEBUG_INFO = NO;
				MTL_FAST_MATH = YES;
				SWIFT_COMPILATION_MODE = wholemodule;
			};
			name = Release;
		};
		E2BAE32E2B30B602003C5B7F /* Debug */ = {
			isa = XCBuildConfiguration;
			buildSettings = {
				ASSETCATALOG_COMPILER_APPICON_NAME = AppIcon;
				ASSETCATALOG_COMPILER_GLOBAL_ACCENT_COLOR_NAME = AccentColor;
				CODE_SIGN_ENTITLEMENTS = WeightUIDemo/WeightUIDemo.entitlements;
				CODE_SIGN_STYLE = Automatic;
				CURRENT_PROJECT_VERSION = 1;
				DEVELOPMENT_ASSET_PATHS = "\"WeightUIDemo/Preview Content\"";
				DEVELOPMENT_TEAM = 3EQ4PU3P2V;
				ENABLE_HARDENED_RUNTIME = YES;
				ENABLE_PREVIEWS = YES;
				GENERATE_INFOPLIST_FILE = YES;
				"INFOPLIST_KEY_UIApplicationSceneManifest_Generation[sdk=iphoneos*]" = YES;
				"INFOPLIST_KEY_UIApplicationSceneManifest_Generation[sdk=iphonesimulator*]" = YES;
				"INFOPLIST_KEY_UIApplicationSupportsIndirectInputEvents[sdk=iphoneos*]" = YES;
				"INFOPLIST_KEY_UIApplicationSupportsIndirectInputEvents[sdk=iphonesimulator*]" = YES;
				"INFOPLIST_KEY_UILaunchScreen_Generation[sdk=iphoneos*]" = YES;
				"INFOPLIST_KEY_UILaunchScreen_Generation[sdk=iphonesimulator*]" = YES;
				"INFOPLIST_KEY_UIStatusBarStyle[sdk=iphoneos*]" = UIStatusBarStyleDefault;
				"INFOPLIST_KEY_UIStatusBarStyle[sdk=iphonesimulator*]" = UIStatusBarStyleDefault;
				INFOPLIST_KEY_UISupportedInterfaceOrientations_iPad = "UIInterfaceOrientationPortrait UIInterfaceOrientationPortraitUpsideDown UIInterfaceOrientationLandscapeLeft UIInterfaceOrientationLandscapeRight";
				INFOPLIST_KEY_UISupportedInterfaceOrientations_iPhone = "UIInterfaceOrientationPortrait UIInterfaceOrientationLandscapeLeft UIInterfaceOrientationLandscapeRight";
				IPHONEOS_DEPLOYMENT_TARGET = 17.2;
				LD_RUNPATH_SEARCH_PATHS = "@executable_path/Frameworks";
				"LD_RUNPATH_SEARCH_PATHS[sdk=macosx*]" = "@executable_path/../Frameworks";
				MACOSX_DEPLOYMENT_TARGET = 14.0;
				MARKETING_VERSION = 1.0;
				PRODUCT_BUNDLE_IDENTIFIER = com.ahmdrghb.WeightUIDemo;
				PRODUCT_NAME = "$(TARGET_NAME)";
				SDKROOT = auto;
				SUPPORTED_PLATFORMS = "iphoneos iphonesimulator macosx";
				SWIFT_EMIT_LOC_STRINGS = YES;
				SWIFT_VERSION = 5.0;
				TARGETED_DEVICE_FAMILY = "1,2";
			};
			name = Debug;
		};
		E2BAE32F2B30B602003C5B7F /* Release */ = {
			isa = XCBuildConfiguration;
			buildSettings = {
				ASSETCATALOG_COMPILER_APPICON_NAME = AppIcon;
				ASSETCATALOG_COMPILER_GLOBAL_ACCENT_COLOR_NAME = AccentColor;
				CODE_SIGN_ENTITLEMENTS = WeightUIDemo/WeightUIDemo.entitlements;
				CODE_SIGN_STYLE = Automatic;
				CURRENT_PROJECT_VERSION = 1;
				DEVELOPMENT_ASSET_PATHS = "\"WeightUIDemo/Preview Content\"";
				DEVELOPMENT_TEAM = 3EQ4PU3P2V;
				ENABLE_HARDENED_RUNTIME = YES;
				ENABLE_PREVIEWS = YES;
				GENERATE_INFOPLIST_FILE = YES;
				"INFOPLIST_KEY_UIApplicationSceneManifest_Generation[sdk=iphoneos*]" = YES;
				"INFOPLIST_KEY_UIApplicationSceneManifest_Generation[sdk=iphonesimulator*]" = YES;
				"INFOPLIST_KEY_UIApplicationSupportsIndirectInputEvents[sdk=iphoneos*]" = YES;
				"INFOPLIST_KEY_UIApplicationSupportsIndirectInputEvents[sdk=iphonesimulator*]" = YES;
				"INFOPLIST_KEY_UILaunchScreen_Generation[sdk=iphoneos*]" = YES;
				"INFOPLIST_KEY_UILaunchScreen_Generation[sdk=iphonesimulator*]" = YES;
				"INFOPLIST_KEY_UIStatusBarStyle[sdk=iphoneos*]" = UIStatusBarStyleDefault;
				"INFOPLIST_KEY_UIStatusBarStyle[sdk=iphonesimulator*]" = UIStatusBarStyleDefault;
				INFOPLIST_KEY_UISupportedInterfaceOrientations_iPad = "UIInterfaceOrientationPortrait UIInterfaceOrientationPortraitUpsideDown UIInterfaceOrientationLandscapeLeft UIInterfaceOrientationLandscapeRight";
				INFOPLIST_KEY_UISupportedInterfaceOrientations_iPhone = "UIInterfaceOrientationPortrait UIInterfaceOrientationLandscapeLeft UIInterfaceOrientationLandscapeRight";
				IPHONEOS_DEPLOYMENT_TARGET = 17.2;
				LD_RUNPATH_SEARCH_PATHS = "@executable_path/Frameworks";
				"LD_RUNPATH_SEARCH_PATHS[sdk=macosx*]" = "@executable_path/../Frameworks";
				MACOSX_DEPLOYMENT_TARGET = 14.0;
				MARKETING_VERSION = 1.0;
				PRODUCT_BUNDLE_IDENTIFIER = com.ahmdrghb.WeightUIDemo;
				PRODUCT_NAME = "$(TARGET_NAME)";
				SDKROOT = auto;
				SUPPORTED_PLATFORMS = "iphoneos iphonesimulator macosx";
				SWIFT_EMIT_LOC_STRINGS = YES;
				SWIFT_VERSION = 5.0;
				TARGETED_DEVICE_FAMILY = "1,2";
			};
			name = Release;
		};
/* End XCBuildConfiguration section */

/* Begin XCConfigurationList section */
		E2BAE3192B30B601003C5B7F /* Build configuration list for PBXProject "WeightUIDemo" */ = {
			isa = XCConfigurationList;
			buildConfigurations = (
				E2BAE32B2B30B602003C5B7F /* Debug */,
				E2BAE32C2B30B602003C5B7F /* Release */,
			);
			defaultConfigurationIsVisible = 0;
			defaultConfigurationName = Release;
		};
		E2BAE32D2B30B602003C5B7F /* Build configuration list for PBXNativeTarget "WeightUIDemo" */ = {
			isa = XCConfigurationList;
			buildConfigurations = (
				E2BAE32E2B30B602003C5B7F /* Debug */,
				E2BAE32F2B30B602003C5B7F /* Release */,
			);
			defaultConfigurationIsVisible = 0;
			defaultConfigurationName = Release;
		};
/* End XCConfigurationList section */

/* Begin XCRemoteSwiftPackageReference section */
		E23A25162B39F58F00BDAECE /* XCRemoteSwiftPackageReference "SwiftHaptics" */ = {
			isa = XCRemoteSwiftPackageReference;
			repositoryURL = "https://github.com/pxlshpr/SwiftHaptics";
			requirement = {
				kind = upToNextMajorVersion;
				minimumVersion = 0.1.4;
			};
		};
		E2BAE3302B30C504003C5B7F /* XCRemoteSwiftPackageReference "SwiftSugar" */ = {
			isa = XCRemoteSwiftPackageReference;
			repositoryURL = "https://github.com/pxlshpr/SwiftSugar";
			requirement = {
				kind = upToNextMajorVersion;
				minimumVersion = 0.0.97;
			};
		};
/* End XCRemoteSwiftPackageReference section */

/* Begin XCSwiftPackageProductDependency section */
		E23A25172B39F58F00BDAECE /* SwiftHaptics */ = {
			isa = XCSwiftPackageProductDependency;
			package = E23A25162B39F58F00BDAECE /* XCRemoteSwiftPackageReference "SwiftHaptics" */;
			productName = SwiftHaptics;
		};
		E2BAE3312B30C504003C5B7F /* SwiftSugar */ = {
			isa = XCSwiftPackageProductDependency;
			package = E2BAE3302B30C504003C5B7F /* XCRemoteSwiftPackageReference "SwiftSugar" */;
			productName = SwiftSugar;
		};
/* End XCSwiftPackageProductDependency section */
	};
	rootObject = E2BAE3162B30B601003C5B7F /* Project object */;
}
